// !$*UTF8*$!
{
	archiveVersion = 1;
	classes = {
	};
	objectVersion = 50;
	objects = {

/* Begin PBXBuildFile section */
		3A0BF1EF20CAC48E00FBE4A4 /* Assets.xcassets in Resources */ = {isa = PBXBuildFile; fileRef = 3A0BF1EE20CAC48E00FBE4A4 /* Assets.xcassets */; };
		3A0BF1F220CAC48E00FBE4A4 /* LaunchScreen.storyboard in Resources */ = {isa = PBXBuildFile; fileRef = 3A0BF1F020CAC48E00FBE4A4 /* LaunchScreen.storyboard */; };
		3A0BF1FD20CAC62500FBE4A4 /* AppDelegate.swift in Sources */ = {isa = PBXBuildFile; fileRef = 3A0BF1FB20CAC62400FBE4A4 /* AppDelegate.swift */; };
		3A0BF20920CAD0EA00FBE4A4 /* TopicsPresenterProtocol.swift in Sources */ = {isa = PBXBuildFile; fileRef = 3A0BF20320CAD0EA00FBE4A4 /* TopicsPresenterProtocol.swift */; };
		3A0BF20A20CAD0EA00FBE4A4 /* TopicsPresenter.swift in Sources */ = {isa = PBXBuildFile; fileRef = 3A0BF20420CAD0EA00FBE4A4 /* TopicsPresenter.swift */; };
		3A0BF20B20CAD0EA00FBE4A4 /* TopicsViewController.swift in Sources */ = {isa = PBXBuildFile; fileRef = 3A0BF20520CAD0EA00FBE4A4 /* TopicsViewController.swift */; };
		3A0BF20D20CAD10200FBE4A4 /* ImageFeaturesDetectionViewController.swift in Sources */ = {isa = PBXBuildFile; fileRef = 3A0BF20C20CAD10200FBE4A4 /* ImageFeaturesDetectionViewController.swift */; };
		3A0BF20F20CAD14000FBE4A4 /* CoreMLViewController.swift in Sources */ = {isa = PBXBuildFile; fileRef = 3A0BF20E20CAD14000FBE4A4 /* CoreMLViewController.swift */; };
		3A0BF21120CAD14600FBE4A4 /* ARKitViewController.swift in Sources */ = {isa = PBXBuildFile; fileRef = 3A0BF21020CAD14600FBE4A4 /* ARKitViewController.swift */; };
		3A0BF21420CAF0CE00FBE4A4 /* ImportPhotoFlow.swift in Sources */ = {isa = PBXBuildFile; fileRef = 3A0BF21320CAF0CE00FBE4A4 /* ImportPhotoFlow.swift */; };
		3A0BF21620CB163C00FBE4A4 /* ImageFeaturesDetector.swift in Sources */ = {isa = PBXBuildFile; fileRef = 3A0BF21520CB163C00FBE4A4 /* ImageFeaturesDetector.swift */; };
		3A0BF21820CB171700FBE4A4 /* VisionUtilities.swift in Sources */ = {isa = PBXBuildFile; fileRef = 3A0BF21720CB171700FBE4A4 /* VisionUtilities.swift */; };
		3A0BF21A20CB6E0900FBE4A4 /* ImageFeaturesRenderer.swift in Sources */ = {isa = PBXBuildFile; fileRef = 3A0BF21920CB6E0900FBE4A4 /* ImageFeaturesRenderer.swift */; };
/* End PBXBuildFile section */

/* Begin PBXFileReference section */
		3A0BF1E420CAC48D00FBE4A4 /* WWDC18Playground.app */ = {isa = PBXFileReference; explicitFileType = wrapper.application; includeInIndex = 0; path = WWDC18Playground.app; sourceTree = BUILT_PRODUCTS_DIR; };
		3A0BF1EE20CAC48E00FBE4A4 /* Assets.xcassets */ = {isa = PBXFileReference; lastKnownFileType = folder.assetcatalog; path = Assets.xcassets; sourceTree = "<group>"; };
		3A0BF1F120CAC48E00FBE4A4 /* Base */ = {isa = PBXFileReference; lastKnownFileType = file.storyboard; name = Base; path = Base.lproj/LaunchScreen.storyboard; sourceTree = "<group>"; };
		3A0BF1F320CAC48E00FBE4A4 /* Info.plist */ = {isa = PBXFileReference; lastKnownFileType = text.plist.xml; path = Info.plist; sourceTree = "<group>"; };
		3A0BF1FB20CAC62400FBE4A4 /* AppDelegate.swift */ = {isa = PBXFileReference; fileEncoding = 4; lastKnownFileType = sourcecode.swift; path = AppDelegate.swift; sourceTree = "<group>"; };
		3A0BF20320CAD0EA00FBE4A4 /* TopicsPresenterProtocol.swift */ = {isa = PBXFileReference; fileEncoding = 4; lastKnownFileType = sourcecode.swift; path = TopicsPresenterProtocol.swift; sourceTree = "<group>"; };
		3A0BF20420CAD0EA00FBE4A4 /* TopicsPresenter.swift */ = {isa = PBXFileReference; fileEncoding = 4; lastKnownFileType = sourcecode.swift; path = TopicsPresenter.swift; sourceTree = "<group>"; };
		3A0BF20520CAD0EA00FBE4A4 /* TopicsViewController.swift */ = {isa = PBXFileReference; fileEncoding = 4; lastKnownFileType = sourcecode.swift; path = TopicsViewController.swift; sourceTree = "<group>"; };
		3A0BF20C20CAD10200FBE4A4 /* ImageFeaturesDetectionViewController.swift */ = {isa = PBXFileReference; lastKnownFileType = sourcecode.swift; path = ImageFeaturesDetectionViewController.swift; sourceTree = "<group>"; };
		3A0BF20E20CAD14000FBE4A4 /* CoreMLViewController.swift */ = {isa = PBXFileReference; fileEncoding = 4; lastKnownFileType = sourcecode.swift; path = CoreMLViewController.swift; sourceTree = "<group>"; };
		3A0BF21020CAD14600FBE4A4 /* ARKitViewController.swift */ = {isa = PBXFileReference; fileEncoding = 4; lastKnownFileType = sourcecode.swift; path = ARKitViewController.swift; sourceTree = "<group>"; };
		3A0BF21320CAF0CE00FBE4A4 /* ImportPhotoFlow.swift */ = {isa = PBXFileReference; lastKnownFileType = sourcecode.swift; path = ImportPhotoFlow.swift; sourceTree = "<group>"; };
		3A0BF21520CB163C00FBE4A4 /* ImageFeaturesDetector.swift */ = {isa = PBXFileReference; lastKnownFileType = sourcecode.swift; path = ImageFeaturesDetector.swift; sourceTree = "<group>"; };
		3A0BF21720CB171700FBE4A4 /* VisionUtilities.swift */ = {isa = PBXFileReference; fileEncoding = 4; lastKnownFileType = sourcecode.swift; path = VisionUtilities.swift; sourceTree = "<group>"; };
		3A0BF21920CB6E0900FBE4A4 /* ImageFeaturesRenderer.swift */ = {isa = PBXFileReference; lastKnownFileType = sourcecode.swift; path = ImageFeaturesRenderer.swift; sourceTree = "<group>"; };
/* End PBXFileReference section */

/* Begin PBXFrameworksBuildPhase section */
		3A0BF1E120CAC48D00FBE4A4 /* Frameworks */ = {
			isa = PBXFrameworksBuildPhase;
			buildActionMask = 2147483647;
			files = (
			);
			runOnlyForDeploymentPostprocessing = 0;
		};
/* End PBXFrameworksBuildPhase section */

/* Begin PBXGroup section */
		3A0BF1DB20CAC48D00FBE4A4 = {
			isa = PBXGroup;
			children = (
				3A0BF1E620CAC48D00FBE4A4 /* WWDC18Playground */,
				3A0BF1E520CAC48D00FBE4A4 /* Products */,
			);
			sourceTree = "<group>";
		};
		3A0BF1E520CAC48D00FBE4A4 /* Products */ = {
			isa = PBXGroup;
			children = (
				3A0BF1E420CAC48D00FBE4A4 /* WWDC18Playground.app */,
			);
			name = Products;
			sourceTree = "<group>";
		};
		3A0BF1E620CAC48D00FBE4A4 /* WWDC18Playground */ = {
			isa = PBXGroup;
			children = (
				3A0BF1F920CAC62400FBE4A4 /* Sources */,
				3A0BF1EE20CAC48E00FBE4A4 /* Assets.xcassets */,
				3A0BF1F020CAC48E00FBE4A4 /* LaunchScreen.storyboard */,
				3A0BF1F320CAC48E00FBE4A4 /* Info.plist */,
			);
			path = WWDC18Playground;
			sourceTree = "<group>";
		};
		3A0BF1F920CAC62400FBE4A4 /* Sources */ = {
			isa = PBXGroup;
			children = (
				3A0BF21220CAF0BA00FBE4A4 /* ImportFlow */,
				3A0BF20620CAD0EA00FBE4A4 /* ARKit */,
				3A0BF20720CAD0EA00FBE4A4 /* CoreML */,
				3A0BF20220CAD0EA00FBE4A4 /* Topics */,
				3A0BF20820CAD0EA00FBE4A4 /* VisionDetection */,
				3A0BF1FB20CAC62400FBE4A4 /* AppDelegate.swift */,
			);
			path = Sources;
			sourceTree = "<group>";
		};
		3A0BF20220CAD0EA00FBE4A4 /* Topics */ = {
			isa = PBXGroup;
			children = (
				3A0BF20320CAD0EA00FBE4A4 /* TopicsPresenterProtocol.swift */,
				3A0BF20420CAD0EA00FBE4A4 /* TopicsPresenter.swift */,
				3A0BF20520CAD0EA00FBE4A4 /* TopicsViewController.swift */,
			);
			path = Topics;
			sourceTree = "<group>";
		};
		3A0BF20620CAD0EA00FBE4A4 /* ARKit */ = {
			isa = PBXGroup;
			children = (
				3A0BF21020CAD14600FBE4A4 /* ARKitViewController.swift */,
			);
			path = ARKit;
			sourceTree = "<group>";
		};
		3A0BF20720CAD0EA00FBE4A4 /* CoreML */ = {
			isa = PBXGroup;
			children = (
				3A0BF20E20CAD14000FBE4A4 /* CoreMLViewController.swift */,
			);
			path = CoreML;
			sourceTree = "<group>";
		};
		3A0BF20820CAD0EA00FBE4A4 /* VisionDetection */ = {
			isa = PBXGroup;
			children = (
				3A0BF21720CB171700FBE4A4 /* VisionUtilities.swift */,
				3A0BF20C20CAD10200FBE4A4 /* ImageFeaturesDetectionViewController.swift */,
				3A0BF21520CB163C00FBE4A4 /* ImageFeaturesDetector.swift */,
				3A0BF21920CB6E0900FBE4A4 /* ImageFeaturesRenderer.swift */,
			);
			path = VisionDetection;
			sourceTree = "<group>";
		};
		3A0BF21220CAF0BA00FBE4A4 /* ImportFlow */ = {
			isa = PBXGroup;
			children = (
				3A0BF21320CAF0CE00FBE4A4 /* ImportPhotoFlow.swift */,
			);
			path = ImportFlow;
			sourceTree = "<group>";
		};
/* End PBXGroup section */

/* Begin PBXNativeTarget section */
		3A0BF1E320CAC48D00FBE4A4 /* WWDC18Playground */ = {
			isa = PBXNativeTarget;
			buildConfigurationList = 3A0BF1F620CAC48E00FBE4A4 /* Build configuration list for PBXNativeTarget "WWDC18Playground" */;
			buildPhases = (
				3A0BF1E020CAC48D00FBE4A4 /* Sources */,
				3A0BF1E120CAC48D00FBE4A4 /* Frameworks */,
				3A0BF1E220CAC48D00FBE4A4 /* Resources */,
			);
			buildRules = (
			);
			dependencies = (
			);
			name = WWDC18Playground;
			productName = WWDC18Playground;
			productReference = 3A0BF1E420CAC48D00FBE4A4 /* WWDC18Playground.app */;
			productType = "com.apple.product-type.application";
		};
/* End PBXNativeTarget section */

/* Begin PBXProject section */
		3A0BF1DC20CAC48D00FBE4A4 /* Project object */ = {
			isa = PBXProject;
			attributes = {
				LastSwiftUpdateCheck = 1000;
				LastUpgradeCheck = 1000;
				ORGANIZATIONNAME = Viacheslav;
				TargetAttributes = {
					3A0BF1E320CAC48D00FBE4A4 = {
						CreatedOnToolsVersion = 10.0;
					};
				};
			};
			buildConfigurationList = 3A0BF1DF20CAC48D00FBE4A4 /* Build configuration list for PBXProject "WWDC18Playground" */;
			compatibilityVersion = "Xcode 9.3";
			developmentRegion = en;
			hasScannedForEncodings = 0;
			knownRegions = (
				en,
				Base,
			);
			mainGroup = 3A0BF1DB20CAC48D00FBE4A4;
			productRefGroup = 3A0BF1E520CAC48D00FBE4A4 /* Products */;
			projectDirPath = "";
			projectRoot = "";
			targets = (
				3A0BF1E320CAC48D00FBE4A4 /* WWDC18Playground */,
			);
		};
/* End PBXProject section */

/* Begin PBXResourcesBuildPhase section */
		3A0BF1E220CAC48D00FBE4A4 /* Resources */ = {
			isa = PBXResourcesBuildPhase;
			buildActionMask = 2147483647;
			files = (
				3A0BF1F220CAC48E00FBE4A4 /* LaunchScreen.storyboard in Resources */,
				3A0BF1EF20CAC48E00FBE4A4 /* Assets.xcassets in Resources */,
			);
			runOnlyForDeploymentPostprocessing = 0;
		};
/* End PBXResourcesBuildPhase section */

/* Begin PBXSourcesBuildPhase section */
		3A0BF1E020CAC48D00FBE4A4 /* Sources */ = {
			isa = PBXSourcesBuildPhase;
			buildActionMask = 2147483647;
			files = (
				3A0BF20A20CAD0EA00FBE4A4 /* TopicsPresenter.swift in Sources */,
				3A0BF20920CAD0EA00FBE4A4 /* TopicsPresenterProtocol.swift in Sources */,
				3A0BF21A20CB6E0900FBE4A4 /* ImageFeaturesRenderer.swift in Sources */,
				3A0BF20B20CAD0EA00FBE4A4 /* TopicsViewController.swift in Sources */,
				3A0BF20D20CAD10200FBE4A4 /* ImageFeaturesDetectionViewController.swift in Sources */,
				3A0BF21120CAD14600FBE4A4 /* ARKitViewController.swift in Sources */,
				3A0BF21420CAF0CE00FBE4A4 /* ImportPhotoFlow.swift in Sources */,
				3A0BF20F20CAD14000FBE4A4 /* CoreMLViewController.swift in Sources */,
				3A0BF21620CB163C00FBE4A4 /* ImageFeaturesDetector.swift in Sources */,
				3A0BF21820CB171700FBE4A4 /* VisionUtilities.swift in Sources */,
				3A0BF1FD20CAC62500FBE4A4 /* AppDelegate.swift in Sources */,
			);
			runOnlyForDeploymentPostprocessing = 0;
		};
/* End PBXSourcesBuildPhase section */

/* Begin PBXVariantGroup section */
		3A0BF1F020CAC48E00FBE4A4 /* LaunchScreen.storyboard */ = {
			isa = PBXVariantGroup;
			children = (
				3A0BF1F120CAC48E00FBE4A4 /* Base */,
			);
			name = LaunchScreen.storyboard;
			sourceTree = "<group>";
		};
/* End PBXVariantGroup section */

/* Begin XCBuildConfiguration section */
		3A0BF1F420CAC48E00FBE4A4 /* Debug */ = {
			isa = XCBuildConfiguration;
			buildSettings = {
				ALWAYS_SEARCH_USER_PATHS = NO;
				CLANG_ANALYZER_NONNULL = YES;
				CLANG_ANALYZER_NUMBER_OBJECT_CONVERSION = YES_AGGRESSIVE;
				CLANG_CXX_LANGUAGE_STANDARD = "gnu++14";
				CLANG_CXX_LIBRARY = "libc++";
				CLANG_ENABLE_MODULES = YES;
				CLANG_ENABLE_OBJC_ARC = YES;
				CLANG_ENABLE_OBJC_WEAK = YES;
				CLANG_WARN_BLOCK_CAPTURE_AUTORELEASING = YES;
				CLANG_WARN_BOOL_CONVERSION = YES;
				CLANG_WARN_COMMA = YES;
				CLANG_WARN_CONSTANT_CONVERSION = YES;
				CLANG_WARN_DEPRECATED_OBJC_IMPLEMENTATIONS = YES;
				CLANG_WARN_DIRECT_OBJC_ISA_USAGE = YES_ERROR;
				CLANG_WARN_DOCUMENTATION_COMMENTS = YES;
				CLANG_WARN_EMPTY_BODY = YES;
				CLANG_WARN_ENUM_CONVERSION = YES;
				CLANG_WARN_INFINITE_RECURSION = YES;
				CLANG_WARN_INT_CONVERSION = YES;
				CLANG_WARN_NON_LITERAL_NULL_CONVERSION = YES;
				CLANG_WARN_OBJC_IMPLICIT_RETAIN_SELF = YES;
				CLANG_WARN_OBJC_LITERAL_CONVERSION = YES;
				CLANG_WARN_OBJC_ROOT_CLASS = YES_ERROR;
				CLANG_WARN_RANGE_LOOP_ANALYSIS = YES;
				CLANG_WARN_STRICT_PROTOTYPES = YES;
				CLANG_WARN_SUSPICIOUS_MOVE = YES;
				CLANG_WARN_UNGUARDED_AVAILABILITY = YES_AGGRESSIVE;
				CLANG_WARN_UNREACHABLE_CODE = YES;
				CLANG_WARN__DUPLICATE_METHOD_MATCH = YES;
				CODE_SIGN_IDENTITY = "iPhone Developer";
				COPY_PHASE_STRIP = NO;
				DEBUG_INFORMATION_FORMAT = dwarf;
				ENABLE_STRICT_OBJC_MSGSEND = YES;
				ENABLE_TESTABILITY = YES;
				GCC_C_LANGUAGE_STANDARD = gnu11;
				GCC_DYNAMIC_NO_PIC = NO;
				GCC_NO_COMMON_BLOCKS = YES;
				GCC_OPTIMIZATION_LEVEL = 0;
				GCC_PREPROCESSOR_DEFINITIONS = (
					"DEBUG=1",
					"$(inherited)",
				);
				GCC_WARN_64_TO_32_BIT_CONVERSION = YES;
				GCC_WARN_ABOUT_RETURN_TYPE = YES_ERROR;
				GCC_WARN_UNDECLARED_SELECTOR = YES;
				GCC_WARN_UNINITIALIZED_AUTOS = YES_AGGRESSIVE;
				GCC_WARN_UNUSED_FUNCTION = YES;
				GCC_WARN_UNUSED_VARIABLE = YES;
				IPHONEOS_DEPLOYMENT_TARGET = 12.0;
				MTL_ENABLE_DEBUG_INFO = INCLUDE_SOURCE;
				ONLY_ACTIVE_ARCH = YES;
				SDKROOT = iphoneos;
				SWIFT_ACTIVE_COMPILATION_CONDITIONS = DEBUG;
				SWIFT_OPTIMIZATION_LEVEL = "-Onone";
			};
			name = Debug;
		};
		3A0BF1F520CAC48E00FBE4A4 /* Release */ = {
			isa = XCBuildConfiguration;
			buildSettings = {
				ALWAYS_SEARCH_USER_PATHS = NO;
				CLANG_ANALYZER_NONNULL = YES;
				CLANG_ANALYZER_NUMBER_OBJECT_CONVERSION = YES_AGGRESSIVE;
				CLANG_CXX_LANGUAGE_STANDARD = "gnu++14";
				CLANG_CXX_LIBRARY = "libc++";
				CLANG_ENABLE_MODULES = YES;
				CLANG_ENABLE_OBJC_ARC = YES;
				CLANG_ENABLE_OBJC_WEAK = YES;
				CLANG_WARN_BLOCK_CAPTURE_AUTORELEASING = YES;
				CLANG_WARN_BOOL_CONVERSION = YES;
				CLANG_WARN_COMMA = YES;
				CLANG_WARN_CONSTANT_CONVERSION = YES;
				CLANG_WARN_DEPRECATED_OBJC_IMPLEMENTATIONS = YES;
				CLANG_WARN_DIRECT_OBJC_ISA_USAGE = YES_ERROR;
				CLANG_WARN_DOCUMENTATION_COMMENTS = YES;
				CLANG_WARN_EMPTY_BODY = YES;
				CLANG_WARN_ENUM_CONVERSION = YES;
				CLANG_WARN_INFINITE_RECURSION = YES;
				CLANG_WARN_INT_CONVERSION = YES;
				CLANG_WARN_NON_LITERAL_NULL_CONVERSION = YES;
				CLANG_WARN_OBJC_IMPLICIT_RETAIN_SELF = YES;
				CLANG_WARN_OBJC_LITERAL_CONVERSION = YES;
				CLANG_WARN_OBJC_ROOT_CLASS = YES_ERROR;
				CLANG_WARN_RANGE_LOOP_ANALYSIS = YES;
				CLANG_WARN_STRICT_PROTOTYPES = YES;
				CLANG_WARN_SUSPICIOUS_MOVE = YES;
				CLANG_WARN_UNGUARDED_AVAILABILITY = YES_AGGRESSIVE;
				CLANG_WARN_UNREACHABLE_CODE = YES;
				CLANG_WARN__DUPLICATE_METHOD_MATCH = YES;
				CODE_SIGN_IDENTITY = "iPhone Developer";
				COPY_PHASE_STRIP = NO;
				DEBUG_INFORMATION_FORMAT = "dwarf-with-dsym";
				ENABLE_NS_ASSERTIONS = NO;
				ENABLE_STRICT_OBJC_MSGSEND = YES;
				GCC_C_LANGUAGE_STANDARD = gnu11;
				GCC_NO_COMMON_BLOCKS = YES;
				GCC_WARN_64_TO_32_BIT_CONVERSION = YES;
				GCC_WARN_ABOUT_RETURN_TYPE = YES_ERROR;
				GCC_WARN_UNDECLARED_SELECTOR = YES;
				GCC_WARN_UNINITIALIZED_AUTOS = YES_AGGRESSIVE;
				GCC_WARN_UNUSED_FUNCTION = YES;
				GCC_WARN_UNUSED_VARIABLE = YES;
				IPHONEOS_DEPLOYMENT_TARGET = 12.0;
				MTL_ENABLE_DEBUG_INFO = NO;
				SDKROOT = iphoneos;
				SWIFT_COMPILATION_MODE = wholemodule;
				SWIFT_OPTIMIZATION_LEVEL = "-O";
				VALIDATE_PRODUCT = YES;
			};
			name = Release;
		};
		3A0BF1F720CAC48E00FBE4A4 /* Debug */ = {
			isa = XCBuildConfiguration;
			buildSettings = {
				ASSETCATALOG_COMPILER_APPICON_NAME = AppIcon;
				CODE_SIGN_STYLE = Automatic;
				INFOPLIST_FILE = WWDC18Playground/Info.plist;
				LD_RUNPATH_SEARCH_PATHS = (
					"$(inherited)",
					"@executable_path/Frameworks",
				);
				PRODUCT_BUNDLE_IDENTIFIER = Viacheslav.WWDC18Playground;
				PRODUCT_NAME = "$(TARGET_NAME)";
				SWIFT_VERSION = 4.2;
				TARGETED_DEVICE_FAMILY = "1,2";
			};
			name = Debug;
		};
		3A0BF1F820CAC48E00FBE4A4 /* Release */ = {
			isa = XCBuildConfiguration;
			buildSettings = {
				ASSETCATALOG_COMPILER_APPICON_NAME = AppIcon;
				CODE_SIGN_STYLE = Automatic;
				INFOPLIST_FILE = WWDC18Playground/Info.plist;
				LD_RUNPATH_SEARCH_PATHS = (
					"$(inherited)",
					"@executable_path/Frameworks",
				);
				PRODUCT_BUNDLE_IDENTIFIER = Viacheslav.WWDC18Playground;
				PRODUCT_NAME = "$(TARGET_NAME)";
				SWIFT_VERSION = 4.2;
				TARGETED_DEVICE_FAMILY = "1,2";
			};
			name = Release;
		};
/* End XCBuildConfiguration section */

/* Begin XCConfigurationList section */
		3A0BF1DF20CAC48D00FBE4A4 /* Build configuration list for PBXProject "WWDC18Playground" */ = {
			isa = XCConfigurationList;
			buildConfigurations = (
				3A0BF1F420CAC48E00FBE4A4 /* Debug */,
				3A0BF1F520CAC48E00FBE4A4 /* Release */,
			);
			defaultConfigurationIsVisible = 0;
			defaultConfigurationName = Release;
		};
		3A0BF1F620CAC48E00FBE4A4 /* Build configuration list for PBXNativeTarget "WWDC18Playground" */ = {
			isa = XCConfigurationList;
			buildConfigurations = (
				3A0BF1F720CAC48E00FBE4A4 /* Debug */,
				3A0BF1F820CAC48E00FBE4A4 /* Release */,
			);
			defaultConfigurationIsVisible = 0;
			defaultConfigurationName = Release;
		};
/* End XCConfigurationList section */
	};
	rootObject = 3A0BF1DC20CAC48D00FBE4A4 /* Project object */;
}
